{
  "nodes": {
    "backupClient": {
      "locked": {
        "path": "../sources/backup-client",
        "type": "path"
      },
      "original": {
        "path": "../sources/backup-client",
        "type": "path"
      },
      "parent": []
    },
    "flake-parts": {
      "inputs": {
        "nixpkgs-lib": [
          "nixpkgs"
        ]
      },
      "locked": {
        "lastModified": 1788450739,
        "narHash": "sha256-glZLQlzIn1fXH6PazR2iUmTo7kzzyYSshrWhLS9TqCU=",
        "owner": "hercules-ci",
        "repo": "flake-parts",
        "rev": "31729ca8cbdb4fa927b34e5f4353e6a83f39e993",
        "type": "github"
      },
      "original": {
        "owner": "hercules-ci",
        "repo": "flake-parts",
        "type": "github"
      }
    },
    "nixos-registry": {
      "flake": false,
      "locked": {
        "path": "../..",
        "type": "path"
      },
      "original": {
        "path": "../..",
        "type": "path"
      },
      "parent": []
    },
    "nixpkgs": {
      "locked": {
        "lastModified": 1789344334,
        "narHash": "sha256-vdhpDJ3Lr24lkZ+fDCjmBRRtw9/vcSzkqGJOJyF5h2U=",
        "owner": "NixOS",
        "repo": "nixpkgs",
        "rev": "c3eea5b2156db11c7eeeada3dc737711255b253e",
        "type": "github"
      },
      "original": {
        "owner": "NixOS",
        "ref": "nixos-26.05",
        "repo": "nixpkgs",
        "type": "github"
      }
    },
    "root": {
      "inputs": {
        "backupClient": "backupClient",
        "flake-parts": "flake-parts",
        "nixos-registry": "nixos-registry",
        "nixpkgs": "nixpkgs",
        "servicePublisher": "servicePublisher"
      }
    },
    "servicePublisher": {
      "locked": {
        "path": "../sources/service-publisher",
        "type": "path"
      },
      "original": {
        "path": "../sources/service-publisher",
        "type": "path"
      },
      "parent": []
    }
  },
  "root": "root",
  "version": 7
}
